{
  "version": 4,
  "terraform_version": "1.4.6",
  "serial": 9,
  "lineage": "30ff854c-cb8e-282a-477f-d6613af43426",
  "outputs": {},
  "resources": [
    {
      "mode": "managed",
      "type": "google_compute_firewall",
      "name": "firewall",
      "provider": "provider[\"registry.terraform.io/hashicorp/google\"]",
      "instances": [
        {
          "schema_version": 1,
          "attributes": {
            "allow": [
              {
                "ports": [
                  "22"
                ],
                "protocol": "tcp"
              }
            ],
            "creation_timestamp": "2023-05-24T07:07:13.165-07:00",
            "deny": [],
            "description": "",
            "destination_ranges": [],
            "direction": "INGRESS",
            "disabled": false,
            "enable_logging": null,
            "id": "projects/systemdesign-387616/global/firewalls/gritfy-firewall-externalssh",
            "log_config": [],
            "name": "gritfy-firewall-externalssh",
            "network": "https://www.googleapis.com/compute/v1/projects/systemdesign-387616/global/networks/default",
            "priority": 1000,
            "project": "systemdesign-387616",
            "self_link": "https://www.googleapis.com/compute/v1/projects/systemdesign-387616/global/firewalls/gritfy-firewall-externalssh",
            "source_ranges": [
              "0.0.0.0/0"
            ],
            "source_service_accounts": null,
            "source_tags": null,
            "target_service_accounts": null,
            "target_tags": [
              "externalssh"
            ],
            "timeouts": null
          },
          "sensitive_attributes": [],
          "private": "eyJlMmJmYjczMC1lY2FhLTExZTYtOGY4OC0zNDM2M2JjN2M0YzAiOnsiY3JlYXRlIjoyNDAwMDAwMDAwMDAsImRlbGV0ZSI6MjQwMDAwMDAwMDAwLCJ1cGRhdGUiOjI0MDAwMDAwMDAwMH0sInNjaGVtYV92ZXJzaW9uIjoiMSJ9"
        }
      ]
    },
    {
      "mode": "managed",
      "type": "google_compute_firewall",
      "name": "webserverrule",
      "provider": "provider[\"registry.terraform.io/hashicorp/google\"]",
      "instances": [
        {
          "schema_version": 1,
          "attributes": {
            "allow": [
              {
                "ports": [
                  "80",
                  "443"
                ],
                "protocol": "tcp"
              }
            ],
            "creation_timestamp": "2023-05-24T07:07:13.158-07:00",
            "deny": [],
            "description": "",
            "destination_ranges": [],
            "direction": "INGRESS",
            "disabled": false,
            "enable_logging": null,
            "id": "projects/systemdesign-387616/global/firewalls/gritfy-webserver",
            "log_config": [],
            "name": "gritfy-webserver",
            "network": "https://www.googleapis.com/compute/v1/projects/systemdesign-387616/global/networks/default",
            "priority": 1000,
            "project": "systemdesign-387616",
            "self_link": "https://www.googleapis.com/compute/v1/projects/systemdesign-387616/global/firewalls/gritfy-webserver",
            "source_ranges": [
              "0.0.0.0/0"
            ],
            "source_service_accounts": null,
            "source_tags": null,
            "target_service_accounts": null,
            "target_tags": [
              "webserver"
            ],
            "timeouts": null
          },
          "sensitive_attributes": [],
          "private": "eyJlMmJmYjczMC1lY2FhLTExZTYtOGY4OC0zNDM2M2JjN2M0YzAiOnsiY3JlYXRlIjoyNDAwMDAwMDAwMDAsImRlbGV0ZSI6MjQwMDAwMDAwMDAwLCJ1cGRhdGUiOjI0MDAwMDAwMDAwMH0sInNjaGVtYV92ZXJzaW9uIjoiMSJ9"
        }
      ]
    },
    {
      "mode": "managed",
      "type": "google_compute_instance",
      "name": "app",
      "provider": "provider[\"registry.terraform.io/hashicorp/google\"]",
      "instances": [
        {
          "schema_version": 6,
          "attributes": {
            "advanced_machine_features": [],
            "allow_stopping_for_update": null,
            "attached_disk": [],
            "boot_disk": [
              {
                "auto_delete": true,
                "device_name": "persistent-disk-0",
                "disk_encryption_key_raw": "",
                "disk_encryption_key_sha256": "",
                "initialize_params": [
                  {
                    "image": "https://www.googleapis.com/compute/v1/projects/debian-cloud/global/images/debian-10-buster-v20230510",
                    "labels": {},
                    "size": 10,
                    "type": "pd-standard"
                  }
                ],
                "kms_key_self_link": "",
                "mode": "READ_WRITE",
                "source": "https://www.googleapis.com/compute/v1/projects/systemdesign-387616/zones/us-central1-a/disks/app"
              }
            ],
            "can_ip_forward": false,
            "confidential_instance_config": [],
            "cpu_platform": "Intel Haswell",
            "current_status": "RUNNING",
            "deletion_protection": false,
            "description": "",
            "desired_status": null,
            "enable_display": false,
            "guest_accelerator": [],
            "hostname": "",
            "id": "projects/systemdesign-387616/zones/us-central1-a/instances/app",
            "instance_id": "5414685523971384561",
            "label_fingerprint": "42WmSpB8rSM=",
            "labels": null,
            "machine_type": "n1-standard-2",
            "metadata": {
              "ssh-keys": "ssh-rsa AAAAB3NzaC1yc2EAAAADAQABAAABAQCoObZ/Uhk4Ah68LNb2LtbRN0QgJ4udj9m1U1mSpg/eq1OKxW4mi9g9zwBd05MnUjnhnxUZecQAbrkcfFuHaSWL8/LCgWOSeSfCM+bLTk2Ym/nYmnFRsnEPnZPyKYHxcrlgfMz1ADsfv2eq75oUcL286CyHfK99LhSVFvI7OVimXuCrkJ+y17CwfRubW6mfp4dc3RzJDB0KCAPAt42LT0PdR/KvbYCg4pb87uvkExKtmBFq8DGCYsoOWGJGb3aPi6BvFnzh52qZE47w3vlXtbDsNza/HZGP0sK5uziw63TadthK8G3BTFQMpWTVe8f9z+fwjGnfxnRyXTkdDypCgskR sandr@DESKTOP-VNHQBAU\n"
            },
            "metadata_fingerprint": "bAmOlY1It58=",
            "metadata_startup_script": null,
            "min_cpu_platform": "",
            "name": "app",
            "network_interface": [
              {
                "access_config": [
                  {
                    "nat_ip": "34.132.253.190",
                    "network_tier": "PREMIUM",
                    "public_ptr_domain_name": ""
                  }
                ],
                "alias_ip_range": [],
                "ipv6_access_config": [],
                "ipv6_access_type": "",
                "name": "nic0",
                "network": "https://www.googleapis.com/compute/v1/projects/systemdesign-387616/global/networks/default",
                "network_ip": "10.128.0.27",
                "nic_type": "",
                "queue_count": 0,
                "stack_type": "IPV4_ONLY",
                "subnetwork": "https://www.googleapis.com/compute/v1/projects/systemdesign-387616/regions/us-central1/subnetworks/default",
                "subnetwork_project": "systemdesign-387616"
              }
            ],
            "project": "systemdesign-387616",
            "reservation_affinity": [],
            "resource_policies": null,
            "scheduling": [
              {
                "automatic_restart": true,
                "min_node_cpus": 0,
                "node_affinities": [],
                "on_host_maintenance": "MIGRATE",
                "preemptible": false
              }
            ],
            "scratch_disk": [],
            "self_link": "https://www.googleapis.com/compute/v1/projects/systemdesign-387616/zones/us-central1-a/instances/app",
            "service_account": [],
            "shielded_instance_config": [
              {
                "enable_integrity_monitoring": true,
                "enable_secure_boot": false,
                "enable_vtpm": true
              }
            ],
            "tags": [
              "externalssh",
              "webserver"
            ],
            "tags_fingerprint": "Mh9u1hBHiNA=",
            "timeouts": null,
            "zone": "us-central1-a"
          },
          "sensitive_attributes": [],
          "private": "eyJlMmJmYjczMC1lY2FhLTExZTYtOGY4OC0zNDM2M2JjN2M0YzAiOnsiY3JlYXRlIjoxMjAwMDAwMDAwMDAwLCJkZWxldGUiOjEyMDAwMDAwMDAwMDAsInVwZGF0ZSI6MTIwMDAwMDAwMDAwMH0sInNjaGVtYV92ZXJzaW9uIjoiNiJ9",
          "dependencies": [
            "google_compute_firewall.firewall",
            "google_compute_firewall.webserverrule"
          ]
        }
      ]
    },
    {
      "mode": "managed",
      "type": "google_compute_instance",
      "name": "db",
      "provider": "provider[\"registry.terraform.io/hashicorp/google\"]",
      "instances": [
        {
          "schema_version": 6,
          "attributes": {
            "advanced_machine_features": [],
            "allow_stopping_for_update": null,
            "attached_disk": [],
            "boot_disk": [
              {
                "auto_delete": true,
                "device_name": "persistent-disk-0",
                "disk_encryption_key_raw": "",
                "disk_encryption_key_sha256": "",
                "initialize_params": [
                  {
                    "image": "https://www.googleapis.com/compute/v1/projects/debian-cloud/global/images/debian-10-buster-v20230510",
                    "labels": {},
                    "size": 10,
                    "type": "pd-standard"
                  }
                ],
                "kms_key_self_link": "",
                "mode": "READ_WRITE",
                "source": "https://www.googleapis.com/compute/v1/projects/systemdesign-387616/zones/us-central1-a/disks/db"
              }
            ],
            "can_ip_forward": false,
            "confidential_instance_config": [],
            "cpu_platform": "Intel Haswell",
            "current_status": "RUNNING",
            "deletion_protection": false,
            "description": "",
            "desired_status": null,
            "enable_display": false,
            "guest_accelerator": [],
            "hostname": "",
            "id": "projects/systemdesign-387616/zones/us-central1-a/instances/db",
            "instance_id": "924847989724521713",
            "label_fingerprint": "42WmSpB8rSM=",
            "labels": null,
            "machine_type": "n1-standard-1",
            "metadata": {
              "ssh-keys": "ssh-rsa AAAAB3NzaC1yc2EAAAADAQABAAABAQCoObZ/Uhk4Ah68LNb2LtbRN0QgJ4udj9m1U1mSpg/eq1OKxW4mi9g9zwBd05MnUjnhnxUZecQAbrkcfFuHaSWL8/LCgWOSeSfCM+bLTk2Ym/nYmnFRsnEPnZPyKYHxcrlgfMz1ADsfv2eq75oUcL286CyHfK99LhSVFvI7OVimXuCrkJ+y17CwfRubW6mfp4dc3RzJDB0KCAPAt42LT0PdR/KvbYCg4pb87uvkExKtmBFq8DGCYsoOWGJGb3aPi6BvFnzh52qZE47w3vlXtbDsNza/HZGP0sK5uziw63TadthK8G3BTFQMpWTVe8f9z+fwjGnfxnRyXTkdDypCgskR sandr@DESKTOP-VNHQBAU\n"
            },
            "metadata_fingerprint": "bAmOlY1It58=",
            "metadata_startup_script": null,
            "min_cpu_platform": "",
            "name": "db",
            "network_interface": [
              {
                "access_config": [
                  {
                    "nat_ip": "34.123.139.82",
                    "network_tier": "PREMIUM",
                    "public_ptr_domain_name": ""
                  }
                ],
                "alias_ip_range": [],
                "ipv6_access_config": [],
                "ipv6_access_type": "",
                "name": "nic0",
                "network": "https://www.googleapis.com/compute/v1/projects/systemdesign-387616/global/networks/default",
                "network_ip": "10.128.0.29",
                "nic_type": "",
                "queue_count": 0,
                "stack_type": "IPV4_ONLY",
                "subnetwork": "https://www.googleapis.com/compute/v1/projects/systemdesign-387616/regions/us-central1/subnetworks/default",
                "subnetwork_project": "systemdesign-387616"
              }
            ],
            "project": "systemdesign-387616",
            "reservation_affinity": [],
            "resource_policies": null,
            "scheduling": [
              {
                "automatic_restart": true,
                "min_node_cpus": 0,
                "node_affinities": [],
                "on_host_maintenance": "MIGRATE",
                "preemptible": false
              }
            ],
            "scratch_disk": [],
            "self_link": "https://www.googleapis.com/compute/v1/projects/systemdesign-387616/zones/us-central1-a/instances/db",
            "service_account": [],
            "shielded_instance_config": [
              {
                "enable_integrity_monitoring": true,
                "enable_secure_boot": false,
                "enable_vtpm": true
              }
            ],
            "tags": [
              "externalssh",
              "webserver"
            ],
            "tags_fingerprint": "Mh9u1hBHiNA=",
            "timeouts": null,
            "zone": "us-central1-a"
          },
          "sensitive_attributes": [],
          "private": "eyJlMmJmYjczMC1lY2FhLTExZTYtOGY4OC0zNDM2M2JjN2M0YzAiOnsiY3JlYXRlIjoxMjAwMDAwMDAwMDAwLCJkZWxldGUiOjEyMDAwMDAwMDAwMDAsInVwZGF0ZSI6MTIwMDAwMDAwMDAwMH0sInNjaGVtYV92ZXJzaW9uIjoiNiJ9",
          "dependencies": [
            "google_compute_firewall.firewall",
            "google_compute_firewall.webserverrule"
          ]
        }
      ]
    },
    {
      "mode": "managed",
      "type": "google_compute_instance",
      "name": "web",
      "provider": "provider[\"registry.terraform.io/hashicorp/google\"]",
      "instances": [
        {
          "schema_version": 6,
          "attributes": {
            "advanced_machine_features": [],
            "allow_stopping_for_update": null,
            "attached_disk": [],
            "boot_disk": [
              {
                "auto_delete": true,
                "device_name": "persistent-disk-0",
                "disk_encryption_key_raw": "",
                "disk_encryption_key_sha256": "",
                "initialize_params": [
                  {
                    "image": "https://www.googleapis.com/compute/v1/projects/debian-cloud/global/images/debian-10-buster-v20230510",
                    "labels": {},
                    "size": 10,
                    "type": "pd-standard"
                  }
                ],
                "kms_key_self_link": "",
                "mode": "READ_WRITE",
                "source": "https://www.googleapis.com/compute/v1/projects/systemdesign-387616/zones/us-central1-a/disks/web"
              }
            ],
            "can_ip_forward": false,
            "confidential_instance_config": [],
            "cpu_platform": "Intel Haswell",
            "current_status": "RUNNING",
            "deletion_protection": false,
            "description": "",
            "desired_status": null,
            "enable_display": false,
            "guest_accelerator": [],
            "hostname": "",
            "id": "projects/systemdesign-387616/zones/us-central1-a/instances/web",
            "instance_id": "3448048745349096689",
            "label_fingerprint": "42WmSpB8rSM=",
            "labels": null,
            "machine_type": "n1-standard-1",
            "metadata": {
              "ssh-keys": "ssh-rsa AAAAB3NzaC1yc2EAAAADAQABAAABAQCoObZ/Uhk4Ah68LNb2LtbRN0QgJ4udj9m1U1mSpg/eq1OKxW4mi9g9zwBd05MnUjnhnxUZecQAbrkcfFuHaSWL8/LCgWOSeSfCM+bLTk2Ym/nYmnFRsnEPnZPyKYHxcrlgfMz1ADsfv2eq75oUcL286CyHfK99LhSVFvI7OVimXuCrkJ+y17CwfRubW6mfp4dc3RzJDB0KCAPAt42LT0PdR/KvbYCg4pb87uvkExKtmBFq8DGCYsoOWGJGb3aPi6BvFnzh52qZE47w3vlXtbDsNza/HZGP0sK5uziw63TadthK8G3BTFQMpWTVe8f9z+fwjGnfxnRyXTkdDypCgskR sandr@DESKTOP-VNHQBAU\n"
            },
            "metadata_fingerprint": "bAmOlY1It58=",
            "metadata_startup_script": null,
            "min_cpu_platform": "",
            "name": "web",
            "network_interface": [
              {
                "access_config": [
                  {
                    "nat_ip": "35.192.102.84",
                    "network_tier": "PREMIUM",
                    "public_ptr_domain_name": ""
                  }
                ],
                "alias_ip_range": [],
                "ipv6_access_config": [],
                "ipv6_access_type": "",
                "name": "nic0",
                "network": "https://www.googleapis.com/compute/v1/projects/systemdesign-387616/global/networks/default",
                "network_ip": "10.128.0.28",
                "nic_type": "",
                "queue_count": 0,
                "stack_type": "IPV4_ONLY",
                "subnetwork": "https://www.googleapis.com/compute/v1/projects/systemdesign-387616/regions/us-central1/subnetworks/default",
                "subnetwork_project": "systemdesign-387616"
              }
            ],
            "project": "systemdesign-387616",
            "reservation_affinity": [],
            "resource_policies": null,
            "scheduling": [
              {
                "automatic_restart": true,
                "min_node_cpus": 0,
                "node_affinities": [],
                "on_host_maintenance": "MIGRATE",
                "preemptible": false
              }
            ],
            "scratch_disk": [],
            "self_link": "https://www.googleapis.com/compute/v1/projects/systemdesign-387616/zones/us-central1-a/instances/web",
            "service_account": [],
            "shielded_instance_config": [
              {
                "enable_integrity_monitoring": true,
                "enable_secure_boot": false,
                "enable_vtpm": true
              }
            ],
            "tags": [
              "externalssh",
              "webserver"
            ],
            "tags_fingerprint": "Mh9u1hBHiNA=",
            "timeouts": null,
            "zone": "us-central1-a"
          },
          "sensitive_attributes": [],
          "private": "eyJlMmJmYjczMC1lY2FhLTExZTYtOGY4OC0zNDM2M2JjN2M0YzAiOnsiY3JlYXRlIjoxMjAwMDAwMDAwMDAwLCJkZWxldGUiOjEyMDAwMDAwMDAwMDAsInVwZGF0ZSI6MTIwMDAwMDAwMDAwMH0sInNjaGVtYV92ZXJzaW9uIjoiNiJ9",
          "dependencies": [
            "google_compute_firewall.firewall",
            "google_compute_firewall.webserverrule"
          ]
        }
      ]
    }
  ],
  "check_results": null
}
